[[package]]
category = "dev"
description = "A small Python module for determining appropriate platform-specific dirs, e.g. a \"user data dir\"."
name = "appdirs"
optional = false
python-versions = "*"
version = "1.4.3"

[[package]]
category = "main"
description = "Python package for providing Mozilla's CA Bundle."
name = "certifi"
optional = false
python-versions = "*"
version = "2019.11.28"

[[package]]
category = "main"
description = "Universal encoding detector for Python 2 and 3"
name = "chardet"
optional = false
python-versions = "*"
version = "3.0.4"

[[package]]
category = "main"
description = "Composable command line interface toolkit"
name = "click"
optional = false
python-versions = ">=2.7, !=3.0.*, !=3.1.*, !=3.2.*, !=3.3.*, !=3.4.*"
version = "7.1.1"

[[package]]
category = "main"
description = "cssselect parses CSS3 Selectors and translates them to XPath 1.0"
name = "cssselect"
optional = false
python-versions = ">=2.7, !=3.0.*, !=3.1.*, !=3.2.*, !=3.3.*"
version = "1.1.0"

[[package]]
category = "main"
description = "Internationalized Domain Names in Applications (IDNA)"
name = "idna"
optional = false
python-versions = ">=2.7, !=3.0.*, !=3.1.*, !=3.2.*, !=3.3.*"
version = "2.8"

[[package]]
category = "dev"
description = "An autocompletion tool for Python that can be used for text editors."
name = "jedi"
optional = false
python-versions = ">=2.7, !=3.0.*, !=3.1.*, !=3.2.*, !=3.3.*"
version = "0.16.0"

[package.dependencies]
parso = ">=0.5.2"

[package.extras]
qa = ["flake8 (3.7.9)"]
testing = ["colorama (0.4.1)", "docopt", "pytest (>=3.9.0,<5.0.0)"]

[[package]]
category = "main"
description = "Powerful and Pythonic XML processing library combining libxml2/libxslt with the ElementTree API."
marker = "python_version != \"3.4\""
name = "lxml"
optional = false
python-versions = ">=2.7, !=3.0.*, !=3.1.*, !=3.2.*, !=3.3.*, != 3.4.*"
version = "4.5.0"

[package.extras]
cssselect = ["cssselect (>=0.7)"]
html5 = ["html5lib"]
htmlsoup = ["beautifulsoup4"]
source = ["Cython (>=0.29.7)"]

[[package]]
category = "main"
description = "Parsel is a library to extract data from HTML and XML using XPath and CSS selectors"
name = "parsel"
optional = false
python-versions = "*"
version = "1.5.2"

[package.dependencies]
cssselect = ">=0.9"
six = ">=1.5.2"
w3lib = ">=1.19.0"

[package.dependencies.lxml]
python = "<3.4.0 || >=3.5.0"
version = "*"

[[package]]
category = "dev"
description = "A Python Parser"
name = "parso"
optional = false
python-versions = ">=2.7, !=3.0.*, !=3.1.*, !=3.2.*, !=3.3.*"
version = "0.6.1"

[package.extras]
testing = ["docopt", "pytest (>=3.0.7)"]

[[package]]
category = "dev"
description = "Library for building powerful interactive command lines in Python"
name = "prompt-toolkit"
optional = false
python-versions = ">=3.6"
version = "3.0.3"

[package.dependencies]
wcwidth = "*"

[[package]]
category = "dev"
description = "Python REPL build on top of prompt_toolkit"
name = "ptpython"
optional = false
python-versions = ">=3.6"
version = "3.0.0"

[package.dependencies]
appdirs = "*"
jedi = ">=0.9.0"
prompt-toolkit = ">=3.0.0,<3.1.0"
pygments = "*"

[package.extras]
ptipython = ["ipython"]

[[package]]
category = "dev"
description = "Pygments is a syntax highlighting package written in Python."
name = "pygments"
optional = false
python-versions = ">=2.7, !=3.0.*, !=3.1.*, !=3.2.*, !=3.3.*, !=3.4.*"
version = "2.5.2"

[[package]]
category = "main"
description = "Python HTTP for Humans."
name = "requests"
optional = false
python-versions = ">=2.7, !=3.0.*, !=3.1.*, !=3.2.*, !=3.3.*, !=3.4.*"
version = "2.22.0"

[package.dependencies]
certifi = ">=2017.4.17"
chardet = ">=3.0.2,<3.1.0"
idna = ">=2.5,<2.9"
urllib3 = ">=1.21.1,<1.25.0 || >1.25.0,<1.25.1 || >1.25.1,<1.26"

[package.extras]
security = ["pyOpenSSL (>=0.14)", "cryptography (>=1.3.4)", "idna (>=2.0.0)"]
socks = ["PySocks (>=1.5.6,<1.5.7 || >1.5.7)", "win-inet-pton"]

[[package]]
category = "main"
description = "Python 2 and 3 compatibility utilities"
name = "six"
optional = false
python-versions = ">=2.7, !=3.0.*, !=3.1.*, !=3.2.*"
version = "1.14.0"

[[package]]
category = "main"
description = "HTTP library with thread-safe connection pooling, file post, and more."
name = "urllib3"
optional = false
python-versions = ">=2.7, !=3.0.*, !=3.1.*, !=3.2.*, !=3.3.*, !=3.4.*, <4"
version = "1.25.8"

[package.extras]
brotli = ["brotlipy (>=0.6.0)"]
secure = ["pyOpenSSL (>=0.14)", "cryptography (>=1.3.4)", "idna (>=2.0.0)", "certifi", "ipaddress"]
socks = ["PySocks (>=1.5.6,<1.5.7 || >1.5.7,<2.0)"]

[[package]]
category = "main"
description = "Library of web-related functions"
name = "w3lib"
optional = false
python-versions = "*"
version = "1.21.0"

[package.dependencies]
six = ">=1.4.1"

[[package]]
category = "dev"
description = "Measures number of Terminal column cells of wide-character codes"
name = "wcwidth"
optional = false
python-versions = "*"
version = "0.1.8"

[metadata]
content-hash = "936e4f16491bbe46f717542abef266923bb187d2d0a373a4234452ce07f0c494"
python-versions = "^3.6"

[metadata.files]
appdirs = [
    {file = "appdirs-1.4.3-py2.py3-none-any.whl", hash = "sha256:d8b24664561d0d34ddfaec54636d502d7cea6e29c3eaf68f3df6180863e2166e"},
    {file = "appdirs-1.4.3.tar.gz", hash = "sha256:9e5896d1372858f8dd3344faf4e5014d21849c756c8d5701f78f8a103b372d92"},
]
certifi = [
    {file = "certifi-2019.11.28-py2.py3-none-any.whl", hash = "sha256:017c25db2a153ce562900032d5bc68e9f191e44e9a0f762f373977de9df1fbb3"},
    {file = "certifi-2019.11.28.tar.gz", hash = "sha256:25b64c7da4cd7479594d035c08c2d809eb4aab3a26e5a990ea98cc450c320f1f"},
]
chardet = [
    {file = "chardet-3.0.4-py2.py3-none-any.whl", hash = "sha256:fc323ffcaeaed0e0a02bf4d117757b98aed530d9ed4531e3e15460124c106691"},
    {file = "chardet-3.0.4.tar.gz", hash = "sha256:84ab92ed1c4d4f16916e05906b6b75a6c0fb5db821cc65e70cbd64a3e2a5eaae"},
]
click = [
    {file = "click-7.1.1-py2.py3-none-any.whl", hash = "sha256:e345d143d80bf5ee7534056164e5e112ea5e22716bbb1ce727941f4c8b471b9a"},
    {file = "click-7.1.1.tar.gz", hash = "sha256:8a18b4ea89d8820c5d0c7da8a64b2c324b4dabb695804dbfea19b9be9d88c0cc"},
]
cssselect = [
    {file = "cssselect-1.1.0-py2.py3-none-any.whl", hash = "sha256:f612ee47b749c877ebae5bb77035d8f4202c6ad0f0fc1271b3c18ad6c4468ecf"},
    {file = "cssselect-1.1.0.tar.gz", hash = "sha256:f95f8dedd925fd8f54edb3d2dfb44c190d9d18512377d3c1e2388d16126879bc"},
]
idna = [
    {file = "idna-2.8-py2.py3-none-any.whl", hash = "sha256:ea8b7f6188e6fa117537c3df7da9fc686d485087abf6ac197f9c46432f7e4a3c"},
    {file = "idna-2.8.tar.gz", hash = "sha256:c357b3f628cf53ae2c4c05627ecc484553142ca23264e593d327bcde5e9c3407"},
]
jedi = [
    {file = "jedi-0.16.0-py2.py3-none-any.whl", hash = "sha256:b4f4052551025c6b0b0b193b29a6ff7bdb74c52450631206c262aef9f7159ad2"},
    {file = "jedi-0.16.0.tar.gz", hash = "sha256:d5c871cb9360b414f981e7072c52c33258d598305280fef91c6cae34739d65d5"},
]
lxml = [
    {file = "lxml-4.5.0-cp27-cp27m-macosx_10_9_x86_64.whl", hash = "sha256:0701f7965903a1c3f6f09328c1278ac0eee8f56f244e66af79cb224b7ef3801c"},
    {file = "lxml-4.5.0-cp27-cp27m-manylinux1_i686.whl", hash = "sha256:06d4e0bbb1d62e38ae6118406d7cdb4693a3fa34ee3762238bcb96c9e36a93cd"},
    {file = "lxml-4.5.0-cp27-cp27m-manylinux1_x86_64.whl", hash = "sha256:5828c7f3e615f3975d48f40d4fe66e8a7b25f16b5e5705ffe1d22e43fb1f6261"},
    {file = "lxml-4.5.0-cp27-cp27m-win32.whl", hash = "sha256:afdb34b715daf814d1abea0317b6d672476b498472f1e5aacbadc34ebbc26e89"},
    {file = "lxml-4.5.0-cp27-cp27m-win_amd64.whl", hash = "sha256:585c0869f75577ac7a8ff38d08f7aac9033da2c41c11352ebf86a04652758b7a"},
    {file = "lxml-4.5.0-cp27-cp27mu-manylinux1_i686.whl", hash = "sha256:8a0ebda56ebca1a83eb2d1ac266649b80af8dd4b4a3502b2c1e09ac2f88fe128"},
    {file = "lxml-4.5.0-cp27-cp27mu-manylinux1_x86_64.whl", hash = "sha256:fe976a0f1ef09b3638778024ab9fb8cde3118f203364212c198f71341c0715ca"},
    {file = "lxml-4.5.0-cp35-cp35m-manylinux1_i686.whl", hash = "sha256:7bc1b221e7867f2e7ff1933165c0cec7153dce93d0cdba6554b42a8beb687bdb"},
    {file = "lxml-4.5.0-cp35-cp35m-manylinux1_x86_64.whl", hash = "sha256:d068f55bda3c2c3fcaec24bd083d9e2eede32c583faf084d6e4b9daaea77dde8"},
    {file = "lxml-4.5.0-cp35-cp35m-win32.whl", hash = "sha256:e4aa948eb15018a657702fee0b9db47e908491c64d36b4a90f59a64741516e77"},
    {file = "lxml-4.5.0-cp35-cp35m-win_amd64.whl", hash = "sha256:1f2c4ec372bf1c4a2c7e4bb20845e8bcf8050365189d86806bad1e3ae473d081"},
    {file = "lxml-4.5.0-cp36-cp36m-macosx_10_9_x86_64.whl", hash = "sha256:5d467ce9c5d35b3bcc7172c06320dddb275fea6ac2037f72f0a4d7472035cea9"},
    {file = "lxml-4.5.0-cp36-cp36m-manylinux1_i686.whl", hash = "sha256:95e67224815ef86924fbc2b71a9dbd1f7262384bca4bc4793645794ac4200717"},
    {file = "lxml-4.5.0-cp36-cp36m-manylinux1_x86_64.whl", hash = "sha256:ebec08091a22c2be870890913bdadd86fcd8e9f0f22bcb398abd3af914690c15"},
    {file = "lxml-4.5.0-cp36-cp36m-win32.whl", hash = "sha256:deadf4df349d1dcd7b2853a2c8796593cc346600726eff680ed8ed11812382a7"},
    {file = "lxml-4.5.0-cp36-cp36m-win_amd64.whl", hash = "sha256:f2b74784ed7e0bc2d02bd53e48ad6ba523c9b36c194260b7a5045071abbb1012"},
    {file = "lxml-4.5.0-cp37-cp37m-macosx_10_9_x86_64.whl", hash = "sha256:fa071559f14bd1e92077b1b5f6c22cf09756c6de7139370249eb372854ce51e6"},
    {file = "lxml-4.5.0-cp37-cp37m-manylinux1_i686.whl", hash = "sha256:edc15fcfd77395e24543be48871c251f38132bb834d9fdfdad756adb6ea37679"},
    {file = "lxml-4.5.0-cp37-cp37m-manylinux1_x86_64.whl", hash = "sha256:fd52e796fee7171c4361d441796b64df1acfceb51f29e545e812f16d023c4bbc"},
    {file = "lxml-4.5.0-cp37-cp37m-win32.whl", hash = "sha256:90ed0e36455a81b25b7034038e40880189169c308a3df360861ad74da7b68c1a"},
    {file = "lxml-4.5.0-cp37-cp37m-win_amd64.whl", hash = "sha256:df533af6f88080419c5a604d0d63b2c33b1c0c4409aba7d0cb6de305147ea8c8"},
    {file = "lxml-4.5.0-cp38-cp38-macosx_10_9_x86_64.whl", hash = "sha256:b4b2c63cc7963aedd08a5f5a454c9f67251b1ac9e22fd9d72836206c42dc2a72"},
    {file = "lxml-4.5.0-cp38-cp38-manylinux1_i686.whl", hash = "sha256:e5d842c73e4ef6ed8c1bd77806bf84a7cb535f9c0cf9b2c74d02ebda310070e1"},
    {file = "lxml-4.5.0-cp38-cp38-manylinux1_x86_64.whl", hash = "sha256:63dbc21efd7e822c11d5ddbedbbb08cd11a41e0032e382a0fd59b0b08e405a3a"},
    {file = "lxml-4.5.0-cp38-cp38-win32.whl", hash = "sha256:4235bc124fdcf611d02047d7034164897ade13046bda967768836629bc62784f"},
    {file = "lxml-4.5.0-cp38-cp38-win_amd64.whl", hash = "sha256:d5b3c4b7edd2e770375a01139be11307f04341ec709cf724e0f26ebb1eef12c3"},
    {file = "lxml-4.5.0.tar.gz", hash = "sha256:8620ce80f50d023d414183bf90cc2576c2837b88e00bea3f33ad2630133bbb60"},
]
parsel = [
    {file = "parsel-1.5.2-py2.py3-none-any.whl", hash = "sha256:74f8e9d3b345b14cb1416bd777a03982cde33a74d8b32e0c71e651d07d41d40a"},
    {file = "parsel-1.5.2.tar.gz", hash = "sha256:4da4262ba4605573b6b72a5f557616a2fc9dee7a47a1efad562752a28d366723"},
]
parso = [
    {file = "parso-0.6.1-py2.py3-none-any.whl", hash = "sha256:951af01f61e6dccd04159042a0706a31ad437864ec6e25d0d7a96a9fbb9b0095"},
    {file = "parso-0.6.1.tar.gz", hash = "sha256:56b2105a80e9c4df49de85e125feb6be69f49920e121406f15e7acde6c9dfc57"},
]
prompt-toolkit = [
    {file = "prompt_toolkit-3.0.3-py3-none-any.whl", hash = "sha256:c93e53af97f630f12f5f62a3274e79527936ed466f038953dfa379d4941f651a"},
    {file = "prompt_toolkit-3.0.3.tar.gz", hash = "sha256:a402e9bf468b63314e37460b68ba68243d55b2f8c4d0192f85a019af3945050e"},
]
ptpython = [
    {file = "ptpython-3.0.0-py2.py3-none-any.whl", hash = "sha256:ac2f67f65c1b6160b0af343293efc1df08e8438f03b1170b914a856bf49bb1e0"},
    {file = "ptpython-3.0.0.tar.gz", hash = "sha256:9746e406d841a7313a9115adde5654bfdb766284cf613f2c9536862222a97caa"},
]
pygments = [
    {file = "Pygments-2.5.2-py2.py3-none-any.whl", hash = "sha256:2a3fe295e54a20164a9df49c75fa58526d3be48e14aceba6d6b1e8ac0bfd6f1b"},
    {file = "Pygments-2.5.2.tar.gz", hash = "sha256:98c8aa5a9f778fcd1026a17361ddaf7330d1b7c62ae97c3bb0ae73e0b9b6b0fe"},
]
requests = [
    {file = "requests-2.22.0-py2.py3-none-any.whl", hash = "sha256:9cf5292fcd0f598c671cfc1e0d7d1a7f13bb8085e9a590f48c010551dc6c4b31"},
    {file = "requests-2.22.0.tar.gz", hash = "sha256:11e007a8a2aa0323f5a921e9e6a2d7e4e67d9877e85773fba9ba6419025cbeb4"},
]
six = [
    {file = "six-1.14.0-py2.py3-none-any.whl", hash = "sha256:8f3cd2e254d8f793e7f3d6d9df77b92252b52637291d0f0da013c76ea2724b6c"},
    {file = "six-1.14.0.tar.gz", hash = "sha256:236bdbdce46e6e6a3d61a337c0f8b763ca1e8717c03b369e87a7ec7ce1319c0a"},
]
urllib3 = [
    {file = "urllib3-1.25.8-py2.py3-none-any.whl", hash = "sha256:2f3db8b19923a873b3e5256dc9c2dedfa883e33d87c690d9c7913e1f40673cdc"},
    {file = "urllib3-1.25.8.tar.gz", hash = "sha256:87716c2d2a7121198ebcb7ce7cccf6ce5e9ba539041cfbaeecfb641dc0bf6acc"},
]
w3lib = [
    {file = "w3lib-1.21.0-py2.py3-none-any.whl", hash = "sha256:847704b837b2b973cddef6938325d466628e6078266bc2e1f7ac49ba85c34823"},
    {file = "w3lib-1.21.0.tar.gz", hash = "sha256:8b1854fef570b5a5fc84d960e025debd110485d73fd283580376104762774315"},
]
wcwidth = [
    {file = "wcwidth-0.1.8-py2.py3-none-any.whl", hash = "sha256:8fd29383f539be45b20bd4df0dc29c20ba48654a41e661925e612311e9f3c603"},
    {file = "wcwidth-0.1.8.tar.gz", hash = "sha256:f28b3e8a6483e5d49e7f8949ac1a78314e740333ae305b4ba5defd3e74fb37a8"},
]
